
Microsoft Visual Studio Solution File, Format Version 10.00
# Visual C++ Express 2008
Project("{8BC9CEB8-8B4A-11D0-8D11-00A0C91BC942}") = "ExchangeAlertApp", "ExchangeAlertApp\ExchangeAlertApp.vcproj", "{DEB6B3EA-CB24-4B86-A12C-5655BFA3114F}"
EndProject
Global
	GlobalSection(SolutionConfigurationPlatforms) = preSolution
		Debug|Win32 = Debug|Win32
		Release|Win32 = Release|Win32
	EndGlobalSection
	GlobalSection(ProjectConfigurationPlatforms) = postSolution
		{DEB6B3EA-CB24-4B86-A12C-5655BFA3114F}.Debug|Win32.ActiveCfg = Debug|Win32
		{DEB6B3EA-CB24-4B86-A12C-5655BFA3114F}.Debug|Win32.Build.0 = Debug|Win32
		{DEB6B3EA-CB24-4B86-A12C-5655BFA3114F}.Release|Win32.ActiveCfg = Release|Win32
		{DEB6B3EA-CB24-4B86-A12C-5655BFA3114F}.Release|Win32.Build.0 = Release|Win32
	EndGlobalSection
	GlobalSection(SolutionProperties) = preSolution
		HideSolutionNode = FALSE
	EndGlobalSection
EndGlobal
